
Microsoft Visual Studio Solution File, Format Version 12.00
# Visual Studio Version 16
VisualStudioVersion = 16.0.808.4
MinimumVisualStudioVersion = 10.0.40219.1
Project("{FAE04EC0-301F-11D3-BF4B-00C04F79EFBC}") = "Molendo", "Molendo.csproj", "{B3C3A37B-E4C3-4243-96C4-9FC95A9CA7B2}"
EndProject
Global
	GlobalSection(SolutionConfigurationPlatforms) = preSolution
		Debug|Any CPU = Debug|Any CPU
		Release|Any CPU = Release|Any CPU
	EndGlobalSection
	GlobalSection(ProjectConfigurationPlatforms) = postSolution
		{B3C3A37B-E4C3-4243-96C4-9FC95A9CA7B2}.Debug|Any CPU.ActiveCfg = Debug|Any CPU
		{B3C3A37B-E4C3-4243-96C4-9FC95A9CA7B2}.Debug|Any CPU.Build.0 = Debug|Any CPU
		{B3C3A37B-E4C3-4243-96C4-9FC95A9CA7B2}.Release|Any CPU.ActiveCfg = Release|Any CPU
		{B3C3A37B-E4C3-4243-96C4-9FC95A9CA7B2}.Release|Any CPU.Build.0 = Release|Any CPU
	EndGlobalSection
	GlobalSection(SolutionProperties) = preSolution
		HideSolutionNode = FALSE
	EndGlobalSection
	GlobalSection(ExtensibilityGlobals) = postSolution
		SolutionGuid = {0AAE6BB5-82C6-4AA8-B261-0E2C723AE42C}
	EndGlobalSection
EndGlobal
